
Microsoft Visual Studio Solution File, Format Version 12.00
# Visual Studio Version 17
VisualStudioVersion = 17.0.32112.339
MinimumVisualStudioVersion = 10.0.40219.1
Project("{FAE04EC0-301F-11D3-BF4B-00C04F79EFBC}") = "ClubeDaLeituraRefatorado.ConsoleApp", "ClubeDaLeituraRefatorado.ConsoleApp\ClubeDaLeituraRefatorado.ConsoleApp.csproj", "{65C5EA76-B720-4A50-8BE9-19C2B42B2427}"
EndProject
Global
	GlobalSection(SolutionConfigurationPlatforms) = preSolution
		Debug|Any CPU = Debug|Any CPU
		Release|Any CPU = Release|Any CPU
	EndGlobalSection
	GlobalSection(ProjectConfigurationPlatforms) = postSolution
		{65C5EA76-B720-4A50-8BE9-19C2B42B2427}.Debug|Any CPU.ActiveCfg = Debug|Any CPU
		{65C5EA76-B720-4A50-8BE9-19C2B42B2427}.Debug|Any CPU.Build.0 = Debug|Any CPU
		{65C5EA76-B720-4A50-8BE9-19C2B42B2427}.Release|Any CPU.ActiveCfg = Release|Any CPU
		{65C5EA76-B720-4A50-8BE9-19C2B42B2427}.Release|Any CPU.Build.0 = Release|Any CPU
	EndGlobalSection
	GlobalSection(SolutionProperties) = preSolution
		HideSolutionNode = FALSE
	EndGlobalSection
	GlobalSection(ExtensibilityGlobals) = postSolution
		SolutionGuid = {86032B55-741F-426F-AC0D-D2C00B3FA37A}
	EndGlobalSection
EndGlobal
